# THIS IS AN AUTOGENERATED FILE. DO NOT EDIT THIS FILE DIRECTLY.
# yarn lockfile v1


"@esbuild/aix-ppc64@0.21.2":
  version "0.21.2"
  resolved "https://registry.yarnpkg.com/@esbuild/aix-ppc64/-/aix-ppc64-0.21.2.tgz#7ccd2a552dc4eb740f094a46d18a1b1508b8d37c"
  integrity sha512-/c7hocx0pm14bHQlqUVKmxwdT/e5/KkyoY1W8F9lk/8CkE037STDDz8PXUP/LE6faj2HqchvDs9GcShxFhI78Q==

"@esbuild/android-arm64@0.21.2":
  version "0.21.2"
  resolved "https://registry.yarnpkg.com/@esbuild/android-arm64/-/android-arm64-0.21.2.tgz#016abbee9f0c6f646b0c6b43b172a5053fe53aab"
  integrity sha512-SGZKngoTWVUriO5bDjI4WDGsNx2VKZoXcds+ita/kVYB+8IkSCKDRDaK+5yu0b5S0eq6B3S7fpiEvpsa2ammlQ==

"@esbuild/android-arm@0.21.2":
  version "0.21.2"
  resolved "https://registry.yarnpkg.com/@esbuild/android-arm/-/android-arm-0.21.2.tgz#99f3a3c90bf8ac37d1881af6b87d404a02007164"
  integrity sha512-G1ve3b4FeyJeyCjB4MX1CiWyTaIJwT9wAYE+8+IRA53YoN/reC/Bf2GDRXAzDTnh69Fpl+1uIKg76DiB3U6vwQ==

"@esbuild/android-x64@0.21.2":
  version "0.21.2"
  resolved "https://registry.yarnpkg.com/@esbuild/android-x64/-/android-x64-0.21.2.tgz#5039e8d0b2ed03ca75d77e581ead591b1d87826f"
  integrity sha512-1wzzNoj2QtNkAYwIcWJ66UTRA80+RTQ/kuPMtEuP0X6dp5Ar23Dn566q3aV61h4EYrrgGlOgl/HdcqN/2S/2vg==

"@esbuild/darwin-arm64@0.21.2":
  version "0.21.2"
  resolved "https://registry.yarnpkg.com/@esbuild/darwin-arm64/-/darwin-arm64-0.21.2.tgz#6f55b81878d2295d7d4ecdbbb5ee418d379fb49a"
  integrity sha512-ZyMkPWc5eTROcLOA10lEqdDSTc6ds6nuh3DeHgKip/XJrYjZDfnkCVSty8svWdy+SC1f77ULtVeIqymTzaB6/Q==

"@esbuild/darwin-x64@0.21.2":
  version "0.21.2"
  resolved "https://registry.yarnpkg.com/@esbuild/darwin-x64/-/darwin-x64-0.21.2.tgz#f295d838c60e0e068c7a91e7784674c6b06c358e"
  integrity sha512-K4ZdVq1zP9v51h/cKVna7im7G0zGTKKB6bP2yJiSmHjjOykbd8DdhrSi8V978sF69rkwrn8zCyL2t6I3ei6j9A==

"@esbuild/freebsd-arm64@0.21.2":
  version "0.21.2"
  resolved "https://registry.yarnpkg.com/@esbuild/freebsd-arm64/-/freebsd-arm64-0.21.2.tgz#f665703471824e67ff5f62e6c9ed298f3c363b1b"
  integrity sha512-4kbOGdpA61CXqadD+Gb/Pw3YXamQGiz9mal/h93rFVSjr5cgMnmJd/gbfPRm+3BMifvnaOfS1gNWaIDxkE2A3A==

"@esbuild/freebsd-x64@0.21.2":
  version "0.21.2"
  resolved "https://registry.yarnpkg.com/@esbuild/freebsd-x64/-/freebsd-x64-0.21.2.tgz#6493aa56760521125badd41f78369f18c49e367e"
  integrity sha512-ShS+R09nuHzDBfPeMUliKZX27Wrmr8UFp93aFf/S8p+++x5BZ+D344CLKXxmY6qzgTL3mILSImPCNJOzD6+RRg==

"@esbuild/linux-arm64@0.21.2":
  version "0.21.2"
  resolved "https://registry.yarnpkg.com/@esbuild/linux-arm64/-/linux-arm64-0.21.2.tgz#beb96b83bfe32630d34eedc09b8e0722819f1a5b"
  integrity sha512-Hdu8BL+AmO+eCDvvT6kz/fPQhvuHL8YK4ExKZfANWsNe1kFGOHw7VJvS/FKSLFqheXmB3rTF3xFQIgUWPYsGnA==

"@esbuild/linux-arm@0.21.2":
  version "0.21.2"
  resolved "https://registry.yarnpkg.com/@esbuild/linux-arm/-/linux-arm-0.21.2.tgz#b1c5176479397b34c36334218063e223b4e588dd"
  integrity sha512-nnGXjOAv+7cM3LYRx4tJsYdgy8dGDGkAzF06oIDGppWbUkUKN9SmgQA8H0KukpU0Pjrj9XmgbWqMVSX/U7eeTA==

"@esbuild/linux-ia32@0.21.2":
  version "0.21.2"
  resolved "https://registry.yarnpkg.com/@esbuild/linux-ia32/-/linux-ia32-0.21.2.tgz#8ce387793eccdc28f5964e19f4dcbdb901099be4"
  integrity sha512-m73BOCW2V9lcj7RtEMi+gBfHC6n3+VHpwQXP5offtQMPLDkpVolYn1YGXxOZ9hp4h3UPRKuezL7WkBsw+3EB3Q==

"@esbuild/linux-loong64@0.21.2":
  version "0.21.2"
  resolved "https://registry.yarnpkg.com/@esbuild/linux-loong64/-/linux-loong64-0.21.2.tgz#c7360523a8e5e04e0b76b6e9a89a91ba573ac613"
  integrity sha512-84eYHwwWHq3myIY/6ikALMcnwkf6Qo7NIq++xH0x+cJuUNpdwh8mlpUtRY+JiGUc60yu7ElWBbVHGWTABTclGw==

"@esbuild/linux-mips64el@0.21.2":
  version "0.21.2"
  resolved "https://registry.yarnpkg.com/@esbuild/linux-mips64el/-/linux-mips64el-0.21.2.tgz#0adac2cc3451c25817b0c93bf160cd19008ed03a"
  integrity sha512-9siSZngT0/ZKG+AH+/agwKF29LdCxw4ODi/PiE0F52B2rtLozlDP92umf8G2GPoVV611LN4pZ+nSTckebOscUA==

"@esbuild/linux-ppc64@0.21.2":
  version "0.21.2"
  resolved "https://registry.yarnpkg.com/@esbuild/linux-ppc64/-/linux-ppc64-0.21.2.tgz#d9e79563999288d367eeba2b8194874bef0e8a35"
  integrity sha512-y0T4aV2CA+ic04ULya1A/8M2RDpDSK2ckgTj6jzHKFJvCq0jQg8afQQIn4EM0G8u2neyOiNHgSF9YKPfuqKOVw==

"@esbuild/linux-riscv64@0.21.2":
  version "0.21.2"
  resolved "https://registry.yarnpkg.com/@esbuild/linux-riscv64/-/linux-riscv64-0.21.2.tgz#34227910d843b399447a48180381425529eae7d6"
  integrity sha512-x5ssCdXmZC86L2Li1qQPF/VaC4VP20u/Zm8jlAu9IiVOVi79YsSz6cpPDYZl1rfKSHYCJW9XBfFCo66S5gVPSA==

"@esbuild/linux-s390x@0.21.2":
  version "0.21.2"
  resolved "https://registry.yarnpkg.com/@esbuild/linux-s390x/-/linux-s390x-0.21.2.tgz#2835f5b9b4c961baf6d6f03a870ab2d5bc3fbfcc"
  integrity sha512-NP7fTpGSFWdXyvp8iAFU04uFh9ARoplFVM/m+8lTRpaYG+2ytHPZWyscSsMM6cvObSIK2KoPHXiZD4l99WaxbQ==

"@esbuild/linux-x64@0.21.2":
  version "0.21.2"
  resolved "https://registry.yarnpkg.com/@esbuild/linux-x64/-/linux-x64-0.21.2.tgz#756282185a936e752a3a80b227a950813fe62ee7"
  integrity sha512-giZ/uOxWDKda44ZuyfKbykeXznfuVNkTgXOUOPJIjbayJV6FRpQ4zxUy9JMBPLaK9IJcdWtaoeQrYBMh3Rr4vQ==

"@esbuild/netbsd-x64@0.21.2":
  version "0.21.2"
  resolved "https://registry.yarnpkg.com/@esbuild/netbsd-x64/-/netbsd-x64-0.21.2.tgz#e1dde3694f5f8fbf2f7696d021c026e601579167"
  integrity sha512-IeFMfGFSQfIj1d4XU+6lkbFzMR+mFELUUVYrZ+jvWzG4NGvs6o53ReEHLHpYkjRbdEjJy2W3lTekTxrFHW7YJg==

"@esbuild/openbsd-x64@0.21.2":
  version "0.21.2"
  resolved "https://registry.yarnpkg.com/@esbuild/openbsd-x64/-/openbsd-x64-0.21.2.tgz#b0a8c1ce0077a5b24c5e4cf1c4417128ae5b6489"
  integrity sha512-48QhWD6WxcebNNaE4FCwgvQVUnAycuTd+BdvA/oZu+/MmbpU8pY2dMEYlYzj5uNHWIG5jvdDmFXu0naQeOWUoA==

"@esbuild/sunos-x64@0.21.2":
  version "0.21.2"
  resolved "https://registry.yarnpkg.com/@esbuild/sunos-x64/-/sunos-x64-0.21.2.tgz#fc7dd917ffcb2ebab4f22728a23ece3dd36c2979"
  integrity sha512-90r3nTBLgdIgD4FCVV9+cR6Hq2Dzs319icVsln+NTmTVwffWcCqXGml8rAoocHuJ85kZK36DCteii96ba/PX8g==

"@esbuild/win32-arm64@0.21.2":
  version "0.21.2"
  resolved "https://registry.yarnpkg.com/@esbuild/win32-arm64/-/win32-arm64-0.21.2.tgz#251e4cdafae688d54a43ac8544cb8c71e8fcdf15"
  integrity sha512-sNndlsBT8OeE/MZDSGpRDJlWuhjuUz/dn80nH0EP4ZzDUYvMDVa7G87DVpweBrn4xdJYyXS/y4CQNrf7R2ODXg==

"@esbuild/win32-ia32@0.21.2":
  version "0.21.2"
  resolved "https://registry.yarnpkg.com/@esbuild/win32-ia32/-/win32-ia32-0.21.2.tgz#1e3a818791b7e93ed353901c83d7cdc901ffcc8a"
  integrity sha512-Ti2QChGNFzWhUNNVuU4w21YkYTErsNh3h+CzvlEhzgRbwsJ7TrWQqRzW3bllLKKvTppuF3DJ3XP1GEg11AfrEQ==

"@esbuild/win32-x64@0.21.2":
  version "0.21.2"
  resolved "https://registry.yarnpkg.com/@esbuild/win32-x64/-/win32-x64-0.21.2.tgz#825b4e7c89b7e7ec64c450ed494a8af7e405a84d"
  integrity sha512-VEfTCZicoZnZ6sGkjFPGRFFJuL2fZn2bLhsekZl1CJslflp2cJS/VoKs1jMk+3pDfsGW6CfQVUckP707HwbXeQ==

"@ministryofjustice/frontend@^2.1.3":
  version "2.1.3"
  resolved "https://registry.yarnpkg.com/@ministryofjustice/frontend/-/frontend-2.1.3.tgz#5aa4187096d4d0f7db46e762547b711472c073f0"
  integrity sha512-kFStfY6Ckbx9OGUEf2xXAjG8oUGXpARpbogk569MTH5LnI1txVT0NieskA4Vthic+2yQ++bePtKX46U1f30rLA==
  dependencies:
    govuk-frontend "^5.0.0"
    moment "^2.27.0"

"@prettier/plugin-ruby@^4.0.4":
  version "4.0.4"
  resolved "https://registry.yarnpkg.com/@prettier/plugin-ruby/-/plugin-ruby-4.0.4.tgz#73d85fc2a1731a3f62b57ac3116cf1c234027cb6"
  integrity sha512-lCpvfS/dQU5WrwN3AQ5vR8qrvj2h5gE41X08NNzAAXvHdM4zwwGRcP2sHSxfu6n6No+ljWCVx95NvJPFTTjCTg==

accessible-autocomplete@^2.0.4:
  version "2.0.4"
  resolved "https://registry.yarnpkg.com/accessible-autocomplete/-/accessible-autocomplete-2.0.4.tgz#e295256c8d268b97c5ab456a1cb084b553ed3eb0"
  integrity sha512-2p0txrSpvs5wXFUeQJHMheDPTZVSEmiUHWlEPb7vJnv2Dd1xPfoLnBQQMfNbTSit2pL/9sSQYESuD2Yyohd4Yw==
  dependencies:
    preact "^8.3.1"

anymatch@~3.1.2:
  version "3.1.3"
  resolved "https://registry.yarnpkg.com/anymatch/-/anymatch-3.1.3.tgz#790c58b19ba1720a84205b57c618d5ad8524973e"
  integrity sha512-KMReFUr0B4t+D+OBkjR3KYqvocp2XaSzO55UcB6mgQMd3KbcE+mWTyvVV7D/zsdEbNnV6acZUutkiHQXvTr1Rw==
  dependencies:
    normalize-path "^3.0.0"
    picomatch "^2.0.4"

binary-extensions@^2.0.0:
  version "2.3.0"
  resolved "https://registry.yarnpkg.com/binary-extensions/-/binary-extensions-2.3.0.tgz#f6e14a97858d327252200242d4ccfe522c445522"
  integrity sha512-Ceh+7ox5qe7LJuLHoY0feh3pHuUDHAcRUeyL2VYghZwfpkNIy/+8Ocg0a3UuSoYzavmylwuLWQOf3hl0jjMMIw==

braces@~3.0.2:
  version "3.0.2"
  resolved "https://registry.yarnpkg.com/braces/-/braces-3.0.2.tgz#3454e1a462ee8d599e236df336cd9ea4f8afe107"
  integrity sha512-b8um+L1RzM3WDSzvhm6gIz1yfTbBt6YTlcEKAvsmqCZZFw46z626lVj9j1yEPW33H5H+lBQpZMP1k8l+78Ha0A==
  dependencies:
    fill-range "^7.0.1"

"chokidar@>=3.0.0 <4.0.0":
  version "3.6.0"
  resolved "https://registry.yarnpkg.com/chokidar/-/chokidar-3.6.0.tgz#197c6cc669ef2a8dc5e7b4d97ee4e092c3eb0d5b"
  integrity sha512-7VT13fmjotKpGipCW9JEQAusEPE+Ei8nl6/g4FBAmIm0GOOLMua9NDDo/DWp0ZAxCr3cPq5ZpBqmPAQgDda2Pw==
  dependencies:
    anymatch "~3.1.2"
    braces "~3.0.2"
    glob-parent "~5.1.2"
    is-binary-path "~2.1.0"
    is-glob "~4.0.1"
    normalize-path "~3.0.0"
    readdirp "~3.6.0"
  optionalDependencies:
    fsevents "~2.3.2"

core-js@3.2.1:
  version "3.2.1"
  resolved "https://registry.yarnpkg.com/core-js/-/core-js-3.2.1.tgz#cd41f38534da6cc59f7db050fe67307de9868b09"
  integrity sha512-Qa5XSVefSVPRxy2XfUC13WbvqkxhkwB3ve+pgCQveNgYzbM/UxZeu1dcOX/xr4UmfUd+muuvsaxilQzCyUurMw==

corejs-typeahead@^1.1.1:
  version "1.3.4"
  resolved "https://registry.yarnpkg.com/corejs-typeahead/-/corejs-typeahead-1.3.4.tgz#dad8c5ab63579947b5d665eee3b538479847b0f8"
  integrity sha512-4SAc1UWszc05IyG9te1JHSeLas5WUWKmKAB8m9E6AAmHCpYhdSaySkblVSIUwQG2FR5uAsaeHbKM+pkEP7SiNw==
  dependencies:
    jquery ">=1.11"

"dfe-autocomplete@github:DFE-Digital/dfe-autocomplete":
  version "0.0.1"
  resolved "https://codeload.github.com/DFE-Digital/dfe-autocomplete/tar.gz/8e7389ff62a38bc8880323f6c58eed9c8d10f080"
  dependencies:
    accessible-autocomplete "^2.0.4"

esbuild@^0.21.2:
  version "0.21.2"
  resolved "https://registry.yarnpkg.com/esbuild/-/esbuild-0.21.2.tgz#6a58b5aa6347eb9e96d060a44e7adaee21bc76c1"
  integrity sha512-LmHPAa5h4tSxz+g/D8IHY6wCjtIiFx8I7/Q0Aq+NmvtoYvyMnJU0KQJcqB6QH30X9x/W4CemgUtPgQDZFca5SA==
  optionalDependencies:
    "@esbuild/aix-ppc64" "0.21.2"
    "@esbuild/android-arm" "0.21.2"
    "@esbuild/android-arm64" "0.21.2"
    "@esbuild/android-x64" "0.21.2"
    "@esbuild/darwin-arm64" "0.21.2"
    "@esbuild/darwin-x64" "0.21.2"
    "@esbuild/freebsd-arm64" "0.21.2"
    "@esbuild/freebsd-x64" "0.21.2"
    "@esbuild/linux-arm" "0.21.2"
    "@esbuild/linux-arm64" "0.21.2"
    "@esbuild/linux-ia32" "0.21.2"
    "@esbuild/linux-loong64" "0.21.2"
    "@esbuild/linux-mips64el" "0.21.2"
    "@esbuild/linux-ppc64" "0.21.2"
    "@esbuild/linux-riscv64" "0.21.2"
    "@esbuild/linux-s390x" "0.21.2"
    "@esbuild/linux-x64" "0.21.2"
    "@esbuild/netbsd-x64" "0.21.2"
    "@esbuild/openbsd-x64" "0.21.2"
    "@esbuild/sunos-x64" "0.21.2"
    "@esbuild/win32-arm64" "0.21.2"
    "@esbuild/win32-ia32" "0.21.2"
    "@esbuild/win32-x64" "0.21.2"

fill-range@^7.0.1:
  version "7.0.1"
  resolved "https://registry.yarnpkg.com/fill-range/-/fill-range-7.0.1.tgz#1919a6a7c75fe38b2c7c77e5198535da9acdda40"
  integrity sha512-qOo9F+dMUmC2Lcb4BbVvnKJxTPjCm+RRpe4gDuGrzkL7mEVl/djYSu2OdQ2Pa302N4oqkSg9ir6jaLWJ2USVpQ==
  dependencies:
    to-regex-range "^5.0.1"

fsevents@~2.3.2:
  version "2.3.3"
  resolved "https://registry.yarnpkg.com/fsevents/-/fsevents-2.3.3.tgz#cac6407785d03675a2a5e1a5305c697b347d90d6"
  integrity sha512-5xoDfX+fL7faATnagmWPpbFtwh/R77WmMMqqHGS65C3vvB0YHrgF+B1YmZ3441tMj5n63k0212XNoJwzlhffQw==

glob-parent@~5.1.2:
  version "5.1.2"
  resolved "https://registry.yarnpkg.com/glob-parent/-/glob-parent-5.1.2.tgz#869832c58034fe68a4093c17dc15e8340d8401c4"
  integrity sha512-AOIgSQCepiJYwP3ARnGx+5VnTu2HBYdzbGP45eLw1vr3zB3vZLeyed1sC9hnbcOc9/SrMyM5RPQrkGz4aS9Zow==
  dependencies:
    is-glob "^4.0.1"

govuk-country-and-territory-autocomplete@^1.0.2:
  version "1.0.2"
  resolved "https://registry.yarnpkg.com/govuk-country-and-territory-autocomplete/-/govuk-country-and-territory-autocomplete-1.0.2.tgz#24c0af23af7211de9e35bd4346aa7d626a613209"
  integrity sha512-jQ0EQ51hRx8aVEEA6ARiFWiJ64HBU4jWX2CG+xqmfxP79LVkL20oiUo/uA6xpuELFkfWZA5Lpu/ADTK/9N/LyQ==
  dependencies:
    accessible-autocomplete "^2.0.4"
    core-js "3.2.1"
    openregister-picker-engine "^1.2.1"

govuk-frontend@^5.0.0, govuk-frontend@^5.3.1:
  version "5.3.1"
  resolved "https://registry.yarnpkg.com/govuk-frontend/-/govuk-frontend-5.3.1.tgz#d63e2078b0d94a119bfe322431218f04024668a2"
  integrity sha512-EzegdVdmZVwXUGTQTsBgK4TkMpMyPdOIa2g1kvwX7EeyP9Kah+amXSo97gbiI8N49L6E0J6/2H6qLW4QN3KhMQ==

immutable@^4.0.0:
  version "4.3.5"
  resolved "https://registry.yarnpkg.com/immutable/-/immutable-4.3.5.tgz#f8b436e66d59f99760dc577f5c99a4fd2a5cc5a0"
  integrity sha512-8eabxkth9gZatlwl5TBuJnCsoTADlL6ftEr7A4qgdaTsPyreilDSnUk57SO+jfKcNtxPa22U5KK6DSeAYhpBJw==

is-binary-path@~2.1.0:
  version "2.1.0"
  resolved "https://registry.yarnpkg.com/is-binary-path/-/is-binary-path-2.1.0.tgz#ea1f7f3b80f064236e83470f86c09c254fb45b09"
  integrity sha512-ZMERYes6pDydyuGidse7OsHxtbI7WVeUEozgR/g7rd0xUimYNlvZRE/K2MgZTjWy725IfelLeVcEM97mmtRGXw==
  dependencies:
    binary-extensions "^2.0.0"

is-extglob@^2.1.1:
  version "2.1.1"
  resolved "https://registry.yarnpkg.com/is-extglob/-/is-extglob-2.1.1.tgz#a88c02535791f02ed37c76a1b9ea9773c833f8c2"
  integrity sha512-SbKbANkN603Vi4jEZv49LeVJMn4yGwsbzZworEoyEiutsN3nJYdbO36zfhGJ6QEDpOZIFkDtnq5JRxmvl3jsoQ==

is-glob@^4.0.1, is-glob@~4.0.1:
  version "4.0.3"
  resolved "https://registry.yarnpkg.com/is-glob/-/is-glob-4.0.3.tgz#64f61e42cbbb2eec2071a9dac0b28ba1e65d5084"
  integrity sha512-xelSayHH36ZgE7ZWhli7pW34hNbNl8Ojv5KVmkJD4hBdD3th8Tfk9vYasLM+mXWOZhFkgZfxhLSnrwRr4elSSg==
  dependencies:
    is-extglob "^2.1.1"

is-number@^7.0.0:
  version "7.0.0"
  resolved "https://registry.yarnpkg.com/is-number/-/is-number-7.0.0.tgz#7535345b896734d5f80c4d06c50955527a14f12b"
  integrity sha512-41Cifkg6e8TylSpdtTpeLVMqvSBEVzTttHvERD741+pnZ8ANv0004MRL43QKPDlK9cGvNp6NZWZUBlbGXYxxng==

jquery@>=1.11:
  version "3.7.1"
  resolved "https://registry.yarnpkg.com/jquery/-/jquery-3.7.1.tgz#083ef98927c9a6a74d05a6af02806566d16274de"
  integrity sha512-m4avr8yL8kmFN8psrbFFFmB/If14iN5o9nw/NgnnM+kybDJpRsAynV2BsfpTYrTRysYUdADVD7CkUUizgkpLfg==

moment@^2.27.0:
  version "2.30.1"
  resolved "https://registry.yarnpkg.com/moment/-/moment-2.30.1.tgz#f8c91c07b7a786e30c59926df530b4eac96974ae"
  integrity sha512-uEmtNhbDOrWPFS+hdjFCBfy9f2YoyzRpwcl+DqpC6taX21FzsTLQVbMV/W7PzNSX6x/bhC1zA3c2UQ5NzH6how==

normalize-path@^3.0.0, normalize-path@~3.0.0:
  version "3.0.0"
  resolved "https://registry.yarnpkg.com/normalize-path/-/normalize-path-3.0.0.tgz#0dcd69ff23a1c9b11fd0978316644a0388216a65"
  integrity sha512-6eZs5Ls3WtCisHWp9S2GUy8dqkpGi4BVSz3GaqiE6ezub0512ESztXUwUB6C6IKbQkY2Pnb/mD4WYojCRwcwLA==

openregister-picker-engine@^1.2.1:
  version "1.2.1"
  resolved "https://registry.yarnpkg.com/openregister-picker-engine/-/openregister-picker-engine-1.2.1.tgz#e7ab34dc34b9c4cb13915bf3fbfae65b0e281e34"
  integrity sha512-8sbJY+iX6rW28seEri8tVTpAS2VBLNckbFDbVqNXy/kRn48Uii2IvaH6uJXKFJxXOOKB6RVcmnigIm1qA07v/Q==
  dependencies:
    corejs-typeahead "^1.1.1"
    whatwg-fetch "^2.0.3"

picomatch@^2.0.4, picomatch@^2.2.1:
  version "2.3.1"
  resolved "https://registry.yarnpkg.com/picomatch/-/picomatch-2.3.1.tgz#3ba3833733646d9d3e4995946c1365a67fb07a42"
  integrity sha512-JU3teHTNjmE2VCGFzuY8EXzCDVwEqB2a8fsIvwaStHhAWJEeVd1o1QD80CU6+ZdEXXSLbSsuLwJjkCBWqRQUVA==

preact@^8.3.1:
  version "8.5.3"
  resolved "https://registry.yarnpkg.com/preact/-/preact-8.5.3.tgz#78c2a5562fcecb1fed1d0055fa4ac1e27bde17c1"
  integrity sha512-O3kKP+1YdgqHOFsZF2a9JVdtqD+RPzCQc3rP+Ualf7V6rmRDchZ9MJbiGTT7LuyqFKZqlHSOyO/oMFmI2lVTsw==

prettier@^3.2.5:
  version "3.2.5"
  resolved "https://registry.yarnpkg.com/prettier/-/prettier-3.2.5.tgz#e52bc3090586e824964a8813b09aba6233b28368"
  integrity sha512-3/GWa9aOC0YeD7LUfvOG2NiDyhOWRvt1k+rcKhOuYnMY24iiCphgneUfJDyFXd6rZCAnuLBv6UeAULtrhT/F4A==

readdirp@~3.6.0:
  version "3.6.0"
  resolved "https://registry.yarnpkg.com/readdirp/-/readdirp-3.6.0.tgz#74a370bd857116e245b29cc97340cd431a02a6c7"
  integrity sha512-hOS089on8RduqdbhvQ5Z37A0ESjsqz6qnRcffsMU3495FuTdqSm+7bhJ29JvIOsBDEEnan5DPu9t3To9VRlMzA==
  dependencies:
    picomatch "^2.2.1"

sass@^1.77.1:
  version "1.77.1"
  resolved "https://registry.yarnpkg.com/sass/-/sass-1.77.1.tgz#018cdfb206afd14724030c02e9fefd8f30a76cd0"
  integrity sha512-OMEyfirt9XEfyvocduUIOlUSkWOXS/LAt6oblR/ISXCTukyavjex+zQNm51pPCOiFKY1QpWvEH1EeCkgyV3I6w==
  dependencies:
    chokidar ">=3.0.0 <4.0.0"
    immutable "^4.0.0"
    source-map-js ">=0.6.2 <2.0.0"

"source-map-js@>=0.6.2 <2.0.0":
  version "1.2.0"
  resolved "https://registry.yarnpkg.com/source-map-js/-/source-map-js-1.2.0.tgz#16b809c162517b5b8c3e7dcd315a2a5c2612b2af"
  integrity sha512-itJW8lvSA0TXEphiRoawsCksnlf8SyvmFzIhltqAHluXd88pkCd+cXJVHTDwdCr0IzwptSm035IHQktUu1QUMg==

to-regex-range@^5.0.1:
  version "5.0.1"
  resolved "https://registry.yarnpkg.com/to-regex-range/-/to-regex-range-5.0.1.tgz#1648c44aae7c8d988a326018ed72f5b4dd0392e4"
  integrity sha512-65P7iz6X5yEr1cwcgvQxbbIw7Uk3gOy5dIdtZ4rDveLqhrdJP+Li/Hx6tyK0NEb+2GCyneCMJiGqrADCSNk8sQ==
  dependencies:
    is-number "^7.0.0"

whatwg-fetch@^2.0.3:
  version "2.0.4"
  resolved "https://registry.yarnpkg.com/whatwg-fetch/-/whatwg-fetch-2.0.4.tgz#dde6a5df315f9d39991aa17621853d720b85566f"
  integrity sha512-dcQ1GWpOD/eEQ97k66aiEVpNnapVj90/+R+SXTPYGHpYBBypfKJEQjLrvMZ7YXbKm21gXd4NcuxUTjiv1YtLng==
