# THIS IS AN AUTOGENERATED FILE. DO NOT EDIT THIS FILE DIRECTLY.
# yarn lockfile v1


"@esbuild/android-arm64@0.17.0":
  version "0.17.0"
  resolved "https://registry.yarnpkg.com/@esbuild/android-arm64/-/android-arm64-0.17.0.tgz#dd4c28274f08a16be95430d19fc0dab835fd2eae"
  integrity sha512-77GVyD7ToESy/7+9eI8z62GGBdS/hsqsrpM+JA4kascky86wHbN29EEFpkVvxajPL7k6mbLJ5VBQABdj7n9FhQ==

"@esbuild/android-arm@0.17.0":
  version "0.17.0"
  resolved "https://registry.yarnpkg.com/@esbuild/android-arm/-/android-arm-0.17.0.tgz#10d289617902f877a28f9f7913f4f54a4e699875"
  integrity sha512-hlbX5ym1V5kIKvnwFhm6rhar7MNqfJrZyYTNfk6+WS1uQfQmszFgXeyPH2beP3lSCumZyqX0zMBfOqftOpZ7GA==

"@esbuild/android-x64@0.17.0":
  version "0.17.0"
  resolved "https://registry.yarnpkg.com/@esbuild/android-x64/-/android-x64-0.17.0.tgz#b0c124e434cec1a6551b400850458c860a30ecb4"
  integrity sha512-TroxZdZhtAz0JyD0yahtjcbKuIXrBEAoAazaYSeR2e2tUtp9uXrcbpwFJF6oxxOiOOne6y7l4hx4YVnMW/tdFw==

"@esbuild/darwin-arm64@0.17.0":
  version "0.17.0"
  resolved "https://registry.yarnpkg.com/@esbuild/darwin-arm64/-/darwin-arm64-0.17.0.tgz#4a1b65e756cc29e8d68a5ace0a2eb1c63614a767"
  integrity sha512-wP/v4cgdWt1m8TS/WmbaBc3NZON10eCbm6XepdVc3zJuqruHCzCKcC9dTSTEk50zX04REcRcbIbdhTMciQoFIg==

"@esbuild/darwin-x64@0.17.0":
  version "0.17.0"
  resolved "https://registry.yarnpkg.com/@esbuild/darwin-x64/-/darwin-x64-0.17.0.tgz#9a59890391f17cd3998d2c7959ea70a1aad28c93"
  integrity sha512-R4WB6D6V9KGO/3LVTT8UlwRJO26IBFatOdo/bRXksfJR0vyOi2/lgmAAMBSpgcnnwvts9QsWiyM++mTTlwRseA==

"@esbuild/freebsd-arm64@0.17.0":
  version "0.17.0"
  resolved "https://registry.yarnpkg.com/@esbuild/freebsd-arm64/-/freebsd-arm64-0.17.0.tgz#3412ffa1703c991b4d562176881fb43a9ee6f7e3"
  integrity sha512-FO7+UEZv79gen2df8StFYFHZPI9ADozpFepLZCxY+O8sYLDa1rirvenmLwJiOHmeQRJ5orYedFeLk1PFlZ6t8Q==

"@esbuild/freebsd-x64@0.17.0":
  version "0.17.0"
  resolved "https://registry.yarnpkg.com/@esbuild/freebsd-x64/-/freebsd-x64-0.17.0.tgz#427f2a07c997fb30f1a8906b070e28959f38f1e2"
  integrity sha512-qCsNRsVTaC3ekwZcb2sa7l1gwCtJK3EqCWyDgpoQocYf3lRpbAzaCvqZSF2+NOO64cV+JbedXPsFiXU1aaVcIg==

"@esbuild/linux-arm64@0.17.0":
  version "0.17.0"
  resolved "https://registry.yarnpkg.com/@esbuild/linux-arm64/-/linux-arm64-0.17.0.tgz#0e32c6a6b290406b1203854c2d594987570dd66c"
  integrity sha512-js4Vlch5XJQYISbDVJd2hsI/MsfVUz6d/FrclCE73WkQmniH37vFpuQI42ntWAeBghDIfaPZ6f9GilhwGzVFUg==

"@esbuild/linux-arm@0.17.0":
  version "0.17.0"
  resolved "https://registry.yarnpkg.com/@esbuild/linux-arm/-/linux-arm-0.17.0.tgz#5a70a95bf336035884dee123b5453aeab9c608f3"
  integrity sha512-Y2G2NU6155gcfNKvrakVmZV5xUAEhXjsN/uKtbKKRnvee0mHUuaT3OdQJDJKjHVGr6B0898pc3slRpI1PqspoQ==

"@esbuild/linux-ia32@0.17.0":
  version "0.17.0"
  resolved "https://registry.yarnpkg.com/@esbuild/linux-ia32/-/linux-ia32-0.17.0.tgz#47baca8e733405a81952bcc475da1b8e5682915f"
  integrity sha512-7tl/jSPkF59R3zeFDB2/09zLGhcM7DM+tCoOqjJbQjuL6qbMWomGT2RglCqRFpCSdzBx0hukmPPgUAMlmdj0sQ==

"@esbuild/linux-loong64@0.17.0":
  version "0.17.0"
  resolved "https://registry.yarnpkg.com/@esbuild/linux-loong64/-/linux-loong64-0.17.0.tgz#809398ca125ba3b57d4d12d261f2471ac32b1edb"
  integrity sha512-OG356F7dIVVF+EXJx5UfzFr1I5l6ES53GlMNSr3U1MhlaVyrP9um5PnrSJ+7TSDAzUC7YGjxb2GQWqHLd5XFoA==

"@esbuild/linux-mips64el@0.17.0":
  version "0.17.0"
  resolved "https://registry.yarnpkg.com/@esbuild/linux-mips64el/-/linux-mips64el-0.17.0.tgz#94b50097a3421ff538eb6a41cd4fb5db4c4993ff"
  integrity sha512-LWQJgGpxrjh2x08UYf6G5R+Km7zhkpCvKXtFQ6SX0fimDvy1C8kslgFHGxLS0wjGV8C4BNnENW/HNy57+RB7iA==

"@esbuild/linux-ppc64@0.17.0":
  version "0.17.0"
  resolved "https://registry.yarnpkg.com/@esbuild/linux-ppc64/-/linux-ppc64-0.17.0.tgz#3a580bc8b494d3b273cf08a3bb0d893b31b786ae"
  integrity sha512-f40N8fKiTQslUcUuhof2/syOQ+DC9Mqdnm9d063pew+Ptv9r6dBNLQCz4300MOfCLAbb0SdnrcMSzHbMehXWLw==

"@esbuild/linux-riscv64@0.17.0":
  version "0.17.0"
  resolved "https://registry.yarnpkg.com/@esbuild/linux-riscv64/-/linux-riscv64-0.17.0.tgz#bf75f769e5fa35d143bc5759520e4277b3a95bcc"
  integrity sha512-sc/pvLexRvxgEbmeq7LfLGnzUBFi/E2MGbnQj3CG8tnQ90tWPTi+9CbZEgIADhj6CAlCCmqxpUclIV1CRVUOTw==

"@esbuild/linux-s390x@0.17.0":
  version "0.17.0"
  resolved "https://registry.yarnpkg.com/@esbuild/linux-s390x/-/linux-s390x-0.17.0.tgz#ad6569476d6751cc9255fe059a5e074a08dd3e27"
  integrity sha512-7xq9/kY0vunCL2vjHKdHGI+660pCdeEC6K6TWBVvbTGXvT8s/qacfxMgr8PCeQRbNUZLOA13G6/G1+c0lYXO1A==

"@esbuild/linux-x64@0.17.0":
  version "0.17.0"
  resolved "https://registry.yarnpkg.com/@esbuild/linux-x64/-/linux-x64-0.17.0.tgz#7e38c248b8c9f39240c0914872f93893bde7182a"
  integrity sha512-o7FhBLONk1mLT2ytlj/j/WuJcPdhWcVpysSJn1s9+zRdLwLKveipbPi5SIasJIqMq0T4CkQW76pxJYMqz9HrQA==

"@esbuild/netbsd-x64@0.17.0":
  version "0.17.0"
  resolved "https://registry.yarnpkg.com/@esbuild/netbsd-x64/-/netbsd-x64-0.17.0.tgz#46e770aa6a14dad73d2cdf6a9521585eca1005ef"
  integrity sha512-V6xXsv71b8vwFCW/ky82Rs//SbyA+ORty6A7Mzkg33/4NbYZ/1Vcbk7qAN5oi0i/gS4Q0+7dYT7NqaiVZ7+Xjw==

"@esbuild/openbsd-x64@0.17.0":
  version "0.17.0"
  resolved "https://registry.yarnpkg.com/@esbuild/openbsd-x64/-/openbsd-x64-0.17.0.tgz#5d4070663448db20d3de42f7a44a2c2dd0cac847"
  integrity sha512-StlQor6A0Y9SSDxraytr46Qbz25zsSDmsG3MCaNkBnABKHP3QsngOCfdBikqHVVrXeK0KOTmtX92/ncTGULYgQ==

"@esbuild/sunos-x64@0.17.0":
  version "0.17.0"
  resolved "https://registry.yarnpkg.com/@esbuild/sunos-x64/-/sunos-x64-0.17.0.tgz#4a77dbf1691ce2fd9aba69f58248d46f3e28f98b"
  integrity sha512-K64Wqw57j8KrwjR3QjsuzN/qDGK6Cno6QYtIlWAmGab5iYPBZCWz7HFtF2a86/130LmUsdXqOID7J0SmjjRFIQ==

"@esbuild/win32-arm64@0.17.0":
  version "0.17.0"
  resolved "https://registry.yarnpkg.com/@esbuild/win32-arm64/-/win32-arm64-0.17.0.tgz#9b7cb6839240cd4408fbca6565c6a08e277d73bb"
  integrity sha512-hly6iSWAf0hf3aHD18/qW7iFQbg9KAQ0RFGG9plcxkhL4uGw43O+lETGcSO/PylNleFowP/UztpF6U4oCYgpPw==

"@esbuild/win32-ia32@0.17.0":
  version "0.17.0"
  resolved "https://registry.yarnpkg.com/@esbuild/win32-ia32/-/win32-ia32-0.17.0.tgz#059a1651b830bfc188920487badd12a8e1b8f050"
  integrity sha512-aL4EWPh0nyC5uYRfn+CHkTgawd4DjtmwquthNDmGf6Ht6+mUc+bQXyZNH1QIw8x20hSqFc4Tf36aLLWP/TPR3g==

"@esbuild/win32-x64@0.17.0":
  version "0.17.0"
  resolved "https://registry.yarnpkg.com/@esbuild/win32-x64/-/win32-x64-0.17.0.tgz#d2253fef7e7cd11f010f688fa4f5ebb2875f34c1"
  integrity sha512-W6IIQ9Rt43I/GqfXeBFLk0TvowKBoirs9sw2LPfhHax6ayMlW5PhFzSJ76I1ac9Pk/aRcSMrHWvVyZs8ZPK2wA==

"@ministryofjustice/frontend@^1.6.4":
  version "1.6.4"
  resolved "https://registry.yarnpkg.com/@ministryofjustice/frontend/-/frontend-1.6.4.tgz#396ffdc1699253671c8bc93ffa879735b8d4e8da"
  integrity sha512-+tL1FolgPxo1jYw6zDcvqyVA0zHigW0QAn4NQbfHKwOb/rhny49iVud6PhzK4zguZds+sQQ0yzHpanROsmWLOw==
  dependencies:
    govuk-frontend "^3.0.0 || ^4.0.0"
    moment "^2.27.0"

"@prettier/plugin-ruby@^3.2.2":
  version "3.2.2"
  resolved "https://registry.yarnpkg.com/@prettier/plugin-ruby/-/plugin-ruby-3.2.2.tgz#43c9d85349032f74d34c4f57e6a77487d5c5bdc1"
  integrity sha512-Vc7jVE39Fgswl517ET4kPtpnoRWE6XTi1Sivd84rZyomYnHYUmvUsEeoOf6tVhzTuIXE5XVQB1YCG2hulrwR3Q==
  dependencies:
    prettier ">=2.3.0"

accessible-autocomplete@^2.0.4:
  version "2.0.4"
  resolved "https://registry.yarnpkg.com/accessible-autocomplete/-/accessible-autocomplete-2.0.4.tgz#e295256c8d268b97c5ab456a1cb084b553ed3eb0"
  integrity sha512-2p0txrSpvs5wXFUeQJHMheDPTZVSEmiUHWlEPb7vJnv2Dd1xPfoLnBQQMfNbTSit2pL/9sSQYESuD2Yyohd4Yw==
  dependencies:
    preact "^8.3.1"

anymatch@~3.1.2:
  version "3.1.2"
  resolved "https://registry.yarnpkg.com/anymatch/-/anymatch-3.1.2.tgz#c0557c096af32f106198f4f4e2a383537e378716"
  integrity sha512-P43ePfOAIupkguHUycrc4qJ9kz8ZiuOUijaETwX7THt0Y/GNK7v0aa8rY816xWjZ7rJdA5XdMcpVFTKMq+RvWg==
  dependencies:
    normalize-path "^3.0.0"
    picomatch "^2.0.4"

binary-extensions@^2.0.0:
  version "2.2.0"
  resolved "https://registry.yarnpkg.com/binary-extensions/-/binary-extensions-2.2.0.tgz#75f502eeaf9ffde42fc98829645be4ea76bd9e2d"
  integrity sha512-jDctJ/IVQbZoJykoeHbhXpOlNBqGNcwXJKJog42E5HDPUwQTSdjCHdihjj0DlnheQ7blbT6dHOafNAiS8ooQKA==

braces@~3.0.2:
  version "3.0.2"
  resolved "https://registry.yarnpkg.com/braces/-/braces-3.0.2.tgz#3454e1a462ee8d599e236df336cd9ea4f8afe107"
  integrity sha512-b8um+L1RzM3WDSzvhm6gIz1yfTbBt6YTlcEKAvsmqCZZFw46z626lVj9j1yEPW33H5H+lBQpZMP1k8l+78Ha0A==
  dependencies:
    fill-range "^7.0.1"

"chokidar@>=3.0.0 <4.0.0":
  version "3.5.3"
  resolved "https://registry.yarnpkg.com/chokidar/-/chokidar-3.5.3.tgz#1cf37c8707b932bd1af1ae22c0432e2acd1903bd"
  integrity sha512-Dr3sfKRP6oTcjf2JmUmFJfeVMvXBdegxB0iVQ5eb2V10uFJUCAS8OByZdVAyVb8xXNz3GjjTgj9kLWsZTqE6kw==
  dependencies:
    anymatch "~3.1.2"
    braces "~3.0.2"
    glob-parent "~5.1.2"
    is-binary-path "~2.1.0"
    is-glob "~4.0.1"
    normalize-path "~3.0.0"
    readdirp "~3.6.0"
  optionalDependencies:
    fsevents "~2.3.2"

core-js@3.2.1:
  version "3.2.1"
  resolved "https://registry.yarnpkg.com/core-js/-/core-js-3.2.1.tgz#cd41f38534da6cc59f7db050fe67307de9868b09"
  integrity sha512-Qa5XSVefSVPRxy2XfUC13WbvqkxhkwB3ve+pgCQveNgYzbM/UxZeu1dcOX/xr4UmfUd+muuvsaxilQzCyUurMw==

corejs-typeahead@^1.1.1:
  version "1.3.1"
  resolved "https://registry.yarnpkg.com/corejs-typeahead/-/corejs-typeahead-1.3.1.tgz#26b9b158cba7f123556c74068bffce9356505bd3"
  integrity sha512-fyNlBNWJNL6EQUnJyAunEzBzRcwR2cEHtZXBi2pndHPOJ/wpOf3wbS+/Oh+kYYS5sKowQcs0LFwMSl6Y2Xeqkw==
  dependencies:
    jquery ">=1.11"

"dfe-autocomplete@github:DFE-Digital/dfe-autocomplete":
  version "0.0.1"
  resolved "https://codeload.github.com/DFE-Digital/dfe-autocomplete/tar.gz/36d80e6b5bba67c92cd9ec6982a4e536d1889aed"
  dependencies:
    accessible-autocomplete "^2.0.4"

esbuild@^0.17.0:
  version "0.17.0"
  resolved "https://registry.yarnpkg.com/esbuild/-/esbuild-0.17.0.tgz#fcf19373d1d546bdbec1557276284c0e6350380b"
  integrity sha512-4yGk3rD95iS/wGzrx0Ji5czZcx1j2wvfF1iAJaX2FIYLB6sU6wYkDeplpZHzfwQw2yXGXsAoxmO6LnMQkl04Kg==
  optionalDependencies:
    "@esbuild/android-arm" "0.17.0"
    "@esbuild/android-arm64" "0.17.0"
    "@esbuild/android-x64" "0.17.0"
    "@esbuild/darwin-arm64" "0.17.0"
    "@esbuild/darwin-x64" "0.17.0"
    "@esbuild/freebsd-arm64" "0.17.0"
    "@esbuild/freebsd-x64" "0.17.0"
    "@esbuild/linux-arm" "0.17.0"
    "@esbuild/linux-arm64" "0.17.0"
    "@esbuild/linux-ia32" "0.17.0"
    "@esbuild/linux-loong64" "0.17.0"
    "@esbuild/linux-mips64el" "0.17.0"
    "@esbuild/linux-ppc64" "0.17.0"
    "@esbuild/linux-riscv64" "0.17.0"
    "@esbuild/linux-s390x" "0.17.0"
    "@esbuild/linux-x64" "0.17.0"
    "@esbuild/netbsd-x64" "0.17.0"
    "@esbuild/openbsd-x64" "0.17.0"
    "@esbuild/sunos-x64" "0.17.0"
    "@esbuild/win32-arm64" "0.17.0"
    "@esbuild/win32-ia32" "0.17.0"
    "@esbuild/win32-x64" "0.17.0"

fill-range@^7.0.1:
  version "7.0.1"
  resolved "https://registry.yarnpkg.com/fill-range/-/fill-range-7.0.1.tgz#1919a6a7c75fe38b2c7c77e5198535da9acdda40"
  integrity sha512-qOo9F+dMUmC2Lcb4BbVvnKJxTPjCm+RRpe4gDuGrzkL7mEVl/djYSu2OdQ2Pa302N4oqkSg9ir6jaLWJ2USVpQ==
  dependencies:
    to-regex-range "^5.0.1"

fsevents@~2.3.2:
  version "2.3.2"
  resolved "https://registry.yarnpkg.com/fsevents/-/fsevents-2.3.2.tgz#8a526f78b8fdf4623b709e0b975c52c24c02fd1a"
  integrity sha512-xiqMQR4xAeHTuB9uWm+fFRcIOgKBMiOBP+eXiyT7jsgVCq1bkVygt00oASowB7EdtpOHaaPgKt812P9ab+DDKA==

glob-parent@~5.1.2:
  version "5.1.2"
  resolved "https://registry.yarnpkg.com/glob-parent/-/glob-parent-5.1.2.tgz#869832c58034fe68a4093c17dc15e8340d8401c4"
  integrity sha512-AOIgSQCepiJYwP3ARnGx+5VnTu2HBYdzbGP45eLw1vr3zB3vZLeyed1sC9hnbcOc9/SrMyM5RPQrkGz4aS9Zow==
  dependencies:
    is-glob "^4.0.1"

govuk-country-and-territory-autocomplete@^1.0.2:
  version "1.0.2"
  resolved "https://registry.yarnpkg.com/govuk-country-and-territory-autocomplete/-/govuk-country-and-territory-autocomplete-1.0.2.tgz#24c0af23af7211de9e35bd4346aa7d626a613209"
  integrity sha512-jQ0EQ51hRx8aVEEA6ARiFWiJ64HBU4jWX2CG+xqmfxP79LVkL20oiUo/uA6xpuELFkfWZA5Lpu/ADTK/9N/LyQ==
  dependencies:
    accessible-autocomplete "^2.0.4"
    core-js "3.2.1"
    openregister-picker-engine "^1.2.1"

"govuk-frontend@^3.0.0 || ^4.0.0", govuk-frontend@^4.4.1:
  version "4.4.1"
  resolved "https://registry.yarnpkg.com/govuk-frontend/-/govuk-frontend-4.4.1.tgz#88857c4ad8508255a4e983030a3964d6e1674107"
  integrity sha512-Jm1LUWiH9vy47b6HSH/ksSb4ueBrtTTgyLBk+3X2qqAmmFUc1AXWLSYHid07YYu1tvn9RnodWk5Bac5Ywqk6tA==

immutable@^4.0.0:
  version "4.1.0"
  resolved "https://registry.yarnpkg.com/immutable/-/immutable-4.1.0.tgz#f795787f0db780183307b9eb2091fcac1f6fafef"
  integrity sha512-oNkuqVTA8jqG1Q6c+UglTOD1xhC1BtjKI7XkCXRkZHrN5m18/XsnUp8Q89GkQO/z+0WjonSvl0FLhDYftp46nQ==

is-binary-path@~2.1.0:
  version "2.1.0"
  resolved "https://registry.yarnpkg.com/is-binary-path/-/is-binary-path-2.1.0.tgz#ea1f7f3b80f064236e83470f86c09c254fb45b09"
  integrity sha512-ZMERYes6pDydyuGidse7OsHxtbI7WVeUEozgR/g7rd0xUimYNlvZRE/K2MgZTjWy725IfelLeVcEM97mmtRGXw==
  dependencies:
    binary-extensions "^2.0.0"

is-extglob@^2.1.1:
  version "2.1.1"
  resolved "https://registry.yarnpkg.com/is-extglob/-/is-extglob-2.1.1.tgz#a88c02535791f02ed37c76a1b9ea9773c833f8c2"
  integrity sha512-SbKbANkN603Vi4jEZv49LeVJMn4yGwsbzZworEoyEiutsN3nJYdbO36zfhGJ6QEDpOZIFkDtnq5JRxmvl3jsoQ==

is-glob@^4.0.1, is-glob@~4.0.1:
  version "4.0.3"
  resolved "https://registry.yarnpkg.com/is-glob/-/is-glob-4.0.3.tgz#64f61e42cbbb2eec2071a9dac0b28ba1e65d5084"
  integrity sha512-xelSayHH36ZgE7ZWhli7pW34hNbNl8Ojv5KVmkJD4hBdD3th8Tfk9vYasLM+mXWOZhFkgZfxhLSnrwRr4elSSg==
  dependencies:
    is-extglob "^2.1.1"

is-number@^7.0.0:
  version "7.0.0"
  resolved "https://registry.yarnpkg.com/is-number/-/is-number-7.0.0.tgz#7535345b896734d5f80c4d06c50955527a14f12b"
  integrity sha512-41Cifkg6e8TylSpdtTpeLVMqvSBEVzTttHvERD741+pnZ8ANv0004MRL43QKPDlK9cGvNp6NZWZUBlbGXYxxng==

jquery@>=1.11:
  version "3.6.1"
  resolved "https://registry.yarnpkg.com/jquery/-/jquery-3.6.1.tgz#fab0408f8b45fc19f956205773b62b292c147a16"
  integrity sha512-opJeO4nCucVnsjiXOE+/PcCgYw9Gwpvs/a6B1LL/lQhwWwpbVEVYDZ1FokFr8PRc7ghYlrFPuyHuiiDNTQxmcw==

moment@^2.27.0:
  version "2.29.4"
  resolved "https://registry.yarnpkg.com/moment/-/moment-2.29.4.tgz#3dbe052889fe7c1b2ed966fcb3a77328964ef108"
  integrity sha512-5LC9SOxjSc2HF6vO2CyuTDNivEdoz2IvyJJGj6X8DJ0eFyfszE0QiEd+iXmBvUP3WHxSjFH/vIsA0EN00cgr8w==

normalize-path@^3.0.0, normalize-path@~3.0.0:
  version "3.0.0"
  resolved "https://registry.yarnpkg.com/normalize-path/-/normalize-path-3.0.0.tgz#0dcd69ff23a1c9b11fd0978316644a0388216a65"
  integrity sha512-6eZs5Ls3WtCisHWp9S2GUy8dqkpGi4BVSz3GaqiE6ezub0512ESztXUwUB6C6IKbQkY2Pnb/mD4WYojCRwcwLA==

openregister-picker-engine@^1.2.1:
  version "1.2.1"
  resolved "https://registry.yarnpkg.com/openregister-picker-engine/-/openregister-picker-engine-1.2.1.tgz#e7ab34dc34b9c4cb13915bf3fbfae65b0e281e34"
  integrity sha512-8sbJY+iX6rW28seEri8tVTpAS2VBLNckbFDbVqNXy/kRn48Uii2IvaH6uJXKFJxXOOKB6RVcmnigIm1qA07v/Q==
  dependencies:
    corejs-typeahead "^1.1.1"
    whatwg-fetch "^2.0.3"

picomatch@^2.0.4, picomatch@^2.2.1:
  version "2.3.1"
  resolved "https://registry.yarnpkg.com/picomatch/-/picomatch-2.3.1.tgz#3ba3833733646d9d3e4995946c1365a67fb07a42"
  integrity sha512-JU3teHTNjmE2VCGFzuY8EXzCDVwEqB2a8fsIvwaStHhAWJEeVd1o1QD80CU6+ZdEXXSLbSsuLwJjkCBWqRQUVA==

preact@^8.3.1:
  version "8.5.3"
  resolved "https://registry.yarnpkg.com/preact/-/preact-8.5.3.tgz#78c2a5562fcecb1fed1d0055fa4ac1e27bde17c1"
  integrity sha512-O3kKP+1YdgqHOFsZF2a9JVdtqD+RPzCQc3rP+Ualf7V6rmRDchZ9MJbiGTT7LuyqFKZqlHSOyO/oMFmI2lVTsw==

prettier@>=2.3.0, prettier@^2.8.2:
  version "2.8.2"
  resolved "https://registry.yarnpkg.com/prettier/-/prettier-2.8.2.tgz#c4ea1b5b454d7c4b59966db2e06ed7eec5dfd160"
  integrity sha512-BtRV9BcncDyI2tsuS19zzhzoxD8Dh8LiCx7j7tHzrkz8GFXAexeWFdi22mjE1d16dftH2qNaytVxqiRTGlMfpw==

readdirp@~3.6.0:
  version "3.6.0"
  resolved "https://registry.yarnpkg.com/readdirp/-/readdirp-3.6.0.tgz#74a370bd857116e245b29cc97340cd431a02a6c7"
  integrity sha512-hOS089on8RduqdbhvQ5Z37A0ESjsqz6qnRcffsMU3495FuTdqSm+7bhJ29JvIOsBDEEnan5DPu9t3To9VRlMzA==
  dependencies:
    picomatch "^2.2.1"

sass@^1.57.1:
  version "1.57.1"
  resolved "https://registry.yarnpkg.com/sass/-/sass-1.57.1.tgz#dfafd46eb3ab94817145e8825208ecf7281119b5"
  integrity sha512-O2+LwLS79op7GI0xZ8fqzF7X2m/m8WFfI02dHOdsK5R2ECeS5F62zrwg/relM1rjSLy7Vd/DiMNIvPrQGsA0jw==
  dependencies:
    chokidar ">=3.0.0 <4.0.0"
    immutable "^4.0.0"
    source-map-js ">=0.6.2 <2.0.0"

"source-map-js@>=0.6.2 <2.0.0":
  version "1.0.2"
  resolved "https://registry.yarnpkg.com/source-map-js/-/source-map-js-1.0.2.tgz#adbc361d9c62df380125e7f161f71c826f1e490c"
  integrity sha512-R0XvVJ9WusLiqTCEiGCmICCMplcCkIwwR11mOSD9CR5u+IXYdiseeEuXCVAjS54zqwkLcPNnmU4OeJ6tUrWhDw==

to-regex-range@^5.0.1:
  version "5.0.1"
  resolved "https://registry.yarnpkg.com/to-regex-range/-/to-regex-range-5.0.1.tgz#1648c44aae7c8d988a326018ed72f5b4dd0392e4"
  integrity sha512-65P7iz6X5yEr1cwcgvQxbbIw7Uk3gOy5dIdtZ4rDveLqhrdJP+Li/Hx6tyK0NEb+2GCyneCMJiGqrADCSNk8sQ==
  dependencies:
    is-number "^7.0.0"

whatwg-fetch@^2.0.3:
  version "2.0.4"
  resolved "https://registry.yarnpkg.com/whatwg-fetch/-/whatwg-fetch-2.0.4.tgz#dde6a5df315f9d39991aa17621853d720b85566f"
  integrity sha512-dcQ1GWpOD/eEQ97k66aiEVpNnapVj90/+R+SXTPYGHpYBBypfKJEQjLrvMZ7YXbKm21gXd4NcuxUTjiv1YtLng==
